
Microsoft Visual Studio Solution File, Format Version 12.00
# Visual Studio Version 16
VisualStudioVersion = 16.0.30804.86
MinimumVisualStudioVersion = 10.0.40219.1
Project("{FAE04EC0-301F-11D3-BF4B-00C04F79EFBC}") = "ChangeDirectory", "ChangeDirectory.csproj", "{83C16452-2CDD-49F1-AB4C-56E4AD22FFFE}"
EndProject
Global
	GlobalSection(SolutionConfigurationPlatforms) = preSolution
		Debug|Any CPU = Debug|Any CPU
		Release|Any CPU = Release|Any CPU
	EndGlobalSection
	GlobalSection(ProjectConfigurationPlatforms) = postSolution
		{83C16452-2CDD-49F1-AB4C-56E4AD22FFFE}.Debug|Any CPU.ActiveCfg = Debug|Any CPU
		{83C16452-2CDD-49F1-AB4C-56E4AD22FFFE}.Debug|Any CPU.Build.0 = Debug|Any CPU
		{83C16452-2CDD-49F1-AB4C-56E4AD22FFFE}.Release|Any CPU.ActiveCfg = Release|Any CPU
		{83C16452-2CDD-49F1-AB4C-56E4AD22FFFE}.Release|Any CPU.Build.0 = Release|Any CPU
	EndGlobalSection
	GlobalSection(SolutionProperties) = preSolution
		HideSolutionNode = FALSE
	EndGlobalSection
	GlobalSection(ExtensibilityGlobals) = postSolution
		SolutionGuid = {7D56CBF3-A8EA-4EAD-9072-410710DBF1B4}
	EndGlobalSection
EndGlobal
